<?xml version="1.0" encoding="utf-8"?>
<Project ToolsVersion="4.0" xmlns="http://schemas.microsoft.com/developer/msbuild/2003">
  <ItemGroup>
    <ClInclude Include="..\src\common\linalg.h" />
    <ClInclude Include="..\src\common\window.h" />
    <ClInclude Include="..\src\common\geometry.h" />
  </ItemGroup>
  <ItemGroup>
    <ClCompile Include="..\src\common\window.cpp" />
    <ClCompile Include="..\src\common\geometry.cpp" />
  </ItemGroup>
</Project>